{
  "name": "bptree_visualization",
  "lockfileVersion": 3,
  "requires": true,
  "packages": {
    "": {
      "dependencies": {
        "@viz-js/viz": "^3.6.0"
      }
    },
    "node_modules/@viz-js/viz": {
      "version": "3.6.0",
      "resolved": "https://registry.npmjs.org/@viz-js/viz/-/viz-3.6.0.tgz",
      "integrity": "sha512-DvDvP5lcrZrBMZ39OJxOfpM1gO1h6+bsT0ES29XmRyvYgqG4QvDQGP9aaFOytIwp9BWl5okUzjAmvUs/80tBTg==",
      "license": "MIT"
    }
  }
}
